{
    "version": 3,
    "terraform_version": "0.11.11",
    "serial": 7,
    "lineage": "7ea0c8bc-6b1d-987c-b08a-85a81b95a2be",
    "modules": [
        {
            "path": [
                "root"
            ],
            "outputs": {},
            "resources": {
                "azurerm_virtual_network.MyFirstVnet": {
                    "type": "azurerm_virtual_network",
                    "depends_on": [],
                    "primary": {
                        "id": "/subscriptions/da011f30-0e36-42ae-953f-f151630d44c1/resourceGroups/RgFormationTerraform/providers/Microsoft.Network/virtualNetworks/testVnet",
                        "attributes": {
                            "address_space.#": "1",
                            "address_space.0": "10.0.0.0/16",
                            "ddos_protection_plan.#": "0",
                            "dns_servers.#": "0",
                            "id": "/subscriptions/da011f30-0e36-42ae-953f-f151630d44c1/resourceGroups/RgFormationTerraform/providers/Microsoft.Network/virtualNetworks/testVnet",
                            "location": "francecentral",
                            "name": "testVnet",
                            "resource_group_name": "RgFormationTerraform",
                            "subnet.#": "1",
                            "subnet.2867657515.address_prefix": "10.0.2.0/24",
                            "subnet.2867657515.id": "/subscriptions/da011f30-0e36-42ae-953f-f151630d44c1/resourceGroups/RgFormationTerraform/providers/Microsoft.Network/virtualNetworks/testVnet/subnets/testSubnet",
                            "subnet.2867657515.name": "testSubnet",
                            "subnet.2867657515.security_group": "",
                            "tags.%": "0"
                        },
                        "meta": {},
                        "tainted": false
                    },
                    "deposed": [],
                    "provider": "provider.azurerm"
                }
            },
            "depends_on": []
        }
    ]
}
